
Microsoft Visual Studio Solution File, Format Version 12.00
# Visual Studio 14
VisualStudioVersion = 14.0.25420.1
MinimumVisualStudioVersion = 10.0.40219.1
Project("{FAE04EC0-301F-11D3-BF4B-00C04F79EFBC}") = "VeniPorEl", "VeniPorEl\VeniPorEl.csproj", "{B8AD2C17-98D7-4620-AF5D-A199573BC868}"
EndProject
Project("{FAE04EC0-301F-11D3-BF4B-00C04F79EFBC}") = "Data.Access", "Data.Access\Data.Access.csproj", "{7A169C4B-0332-4651-BEB6-20C81B0F9478}"
EndProject
Project("{FAE04EC0-301F-11D3-BF4B-00C04F79EFBC}") = "Data.Repository", "Data.Repository\Data.Repository.csproj", "{49AE75E6-8866-4FF3-A738-C83F9C92DC0C}"
EndProject
Project("{FAE04EC0-301F-11D3-BF4B-00C04F79EFBC}") = "Data", "Data\Data.csproj", "{F1D96924-A15E-4517-A478-FA03FE39DFAE}"
EndProject
Global
	GlobalSection(SolutionConfigurationPlatforms) = preSolution
		Debug|Any CPU = Debug|Any CPU
		Release|Any CPU = Release|Any CPU
	EndGlobalSection
	GlobalSection(ProjectConfigurationPlatforms) = postSolution
		{B8AD2C17-98D7-4620-AF5D-A199573BC868}.Debug|Any CPU.ActiveCfg = Debug|Any CPU
		{B8AD2C17-98D7-4620-AF5D-A199573BC868}.Debug|Any CPU.Build.0 = Debug|Any CPU
		{B8AD2C17-98D7-4620-AF5D-A199573BC868}.Release|Any CPU.ActiveCfg = Release|Any CPU
		{B8AD2C17-98D7-4620-AF5D-A199573BC868}.Release|Any CPU.Build.0 = Release|Any CPU
		{7A169C4B-0332-4651-BEB6-20C81B0F9478}.Debug|Any CPU.ActiveCfg = Debug|Any CPU
		{7A169C4B-0332-4651-BEB6-20C81B0F9478}.Debug|Any CPU.Build.0 = Debug|Any CPU
		{7A169C4B-0332-4651-BEB6-20C81B0F9478}.Release|Any CPU.ActiveCfg = Release|Any CPU
		{7A169C4B-0332-4651-BEB6-20C81B0F9478}.Release|Any CPU.Build.0 = Release|Any CPU
		{49AE75E6-8866-4FF3-A738-C83F9C92DC0C}.Debug|Any CPU.ActiveCfg = Debug|Any CPU
		{49AE75E6-8866-4FF3-A738-C83F9C92DC0C}.Debug|Any CPU.Build.0 = Debug|Any CPU
		{49AE75E6-8866-4FF3-A738-C83F9C92DC0C}.Release|Any CPU.ActiveCfg = Release|Any CPU
		{49AE75E6-8866-4FF3-A738-C83F9C92DC0C}.Release|Any CPU.Build.0 = Release|Any CPU
		{F1D96924-A15E-4517-A478-FA03FE39DFAE}.Debug|Any CPU.ActiveCfg = Debug|Any CPU
		{F1D96924-A15E-4517-A478-FA03FE39DFAE}.Debug|Any CPU.Build.0 = Debug|Any CPU
		{F1D96924-A15E-4517-A478-FA03FE39DFAE}.Release|Any CPU.ActiveCfg = Release|Any CPU
		{F1D96924-A15E-4517-A478-FA03FE39DFAE}.Release|Any CPU.Build.0 = Release|Any CPU
	EndGlobalSection
	GlobalSection(SolutionProperties) = preSolution
		HideSolutionNode = FALSE
	EndGlobalSection
EndGlobal
